
Microsoft Visual Studio Solution File, Format Version 12.00
# Visual Studio Version 16
VisualStudioVersion = 16.0.29911.84
MinimumVisualStudioVersion = 10.0.40219.1
Project("{FAE04EC0-301F-11D3-BF4B-00C04F79EFBC}") = "FibonacciConsole", "FibonacciConsole\FibonacciConsole.csproj", "{43F762A0-6A12-4F1F-877C-39016F775739}"
EndProject
Project("{FAE04EC0-301F-11D3-BF4B-00C04F79EFBC}") = "FibonacciLibrary", "FibonacciLibrary\FibonacciLibrary.csproj", "{B9ECDC38-8DF9-418D-AACE-B5F66C36743A}"
EndProject
Global
	GlobalSection(SolutionConfigurationPlatforms) = preSolution
		Debug|Any CPU = Debug|Any CPU
		Release|Any CPU = Release|Any CPU
	EndGlobalSection
	GlobalSection(ProjectConfigurationPlatforms) = postSolution
		{43F762A0-6A12-4F1F-877C-39016F775739}.Debug|Any CPU.ActiveCfg = Debug|Any CPU
		{43F762A0-6A12-4F1F-877C-39016F775739}.Debug|Any CPU.Build.0 = Debug|Any CPU
		{43F762A0-6A12-4F1F-877C-39016F775739}.Release|Any CPU.ActiveCfg = Release|Any CPU
		{43F762A0-6A12-4F1F-877C-39016F775739}.Release|Any CPU.Build.0 = Release|Any CPU
		{B9ECDC38-8DF9-418D-AACE-B5F66C36743A}.Debug|Any CPU.ActiveCfg = Debug|Any CPU
		{B9ECDC38-8DF9-418D-AACE-B5F66C36743A}.Debug|Any CPU.Build.0 = Debug|Any CPU
		{B9ECDC38-8DF9-418D-AACE-B5F66C36743A}.Release|Any CPU.ActiveCfg = Release|Any CPU
		{B9ECDC38-8DF9-418D-AACE-B5F66C36743A}.Release|Any CPU.Build.0 = Release|Any CPU
	EndGlobalSection
	GlobalSection(SolutionProperties) = preSolution
		HideSolutionNode = FALSE
	EndGlobalSection
	GlobalSection(ExtensibilityGlobals) = postSolution
		SolutionGuid = {0C78972B-7250-4B74-A907-1CDA98516D2F}
	EndGlobalSection
EndGlobal
